
Microsoft Visual Studio Solution File, Format Version 12.00
# Visual Studio Version 17
VisualStudioVersion = 17.4.33213.308
MinimumVisualStudioVersion = 10.0.40219.1
Project("{9A19103F-16F7-4668-BE54-9A1E7A4F7556}") = "EnsekTechTest", "src\EnsekTechTest\EnsekTechTest.csproj", "{43D7B31D-3A86-4B1D-8F99-0ACE4CABC4A4}"
EndProject
Project("{2150E333-8FDC-42A3-9474-1A3956D46DE8}") = "src", "src", "{91E68D56-22FF-4CE1-99AA-ACBB63FE72DB}"
EndProject
Project("{FAE04EC0-301F-11D3-BF4B-00C04F79EFBC}") = "EnsekTechTest.Persistence", "src\EnsekTechTest.Persistence\EnsekTechTest.Persistence.csproj", "{3D92BBCF-671F-4AE2-96C4-720B6A81D60A}"
EndProject
Project("{2150E333-8FDC-42A3-9474-1A3956D46DE8}") = "misc", "misc", "{503B64B4-02AB-43BB-8255-E8DAC048A94D}"
	ProjectSection(SolutionItems) = preProject
		.gitignore = .gitignore
		README.md = README.md
	EndProjectSection
EndProject
Project("{2150E333-8FDC-42A3-9474-1A3956D46DE8}") = "tests", "tests", "{E1C0FDE7-57F6-413E-887F-ACB3BDC1CB44}"
EndProject
Project("{FAE04EC0-301F-11D3-BF4B-00C04F79EFBC}") = "EnsekTechTest.Tests", "tests\EnsekTechTest.Tests\EnsekTechTest.Tests.csproj", "{274360DF-4182-4215-8320-B1452DD2DB86}"
EndProject
Project("{FAE04EC0-301F-11D3-BF4B-00C04F79EFBC}") = "EnsekTechTest.Core", "src\EnsekTechTest.Core\EnsekTechTest.Core.csproj", "{1458CFC7-B0FF-4A36-8745-78E155269A35}"
EndProject
Project("{FAE04EC0-301F-11D3-BF4B-00C04F79EFBC}") = "EnsekTechTest.Application", "src\EnsekTechTest.Application\EnsekTechTest.Application.csproj", "{2C196BE5-136E-4A86-BBF6-5FEB12ED3F0C}"
EndProject
Project("{FAE04EC0-301F-11D3-BF4B-00C04F79EFBC}") = "EnsekTechTest.Domain", "src\EnsekTechTest.Domain\EnsekTechTest.Domain.csproj", "{13283A4C-385B-42B8-B2DF-0FB65930D9F4}"
EndProject
Global
	GlobalSection(SolutionConfigurationPlatforms) = preSolution
		Debug|Any CPU = Debug|Any CPU
		Release|Any CPU = Release|Any CPU
	EndGlobalSection
	GlobalSection(ProjectConfigurationPlatforms) = postSolution
		{43D7B31D-3A86-4B1D-8F99-0ACE4CABC4A4}.Debug|Any CPU.ActiveCfg = Debug|Any CPU
		{43D7B31D-3A86-4B1D-8F99-0ACE4CABC4A4}.Debug|Any CPU.Build.0 = Debug|Any CPU
		{43D7B31D-3A86-4B1D-8F99-0ACE4CABC4A4}.Release|Any CPU.ActiveCfg = Release|Any CPU
		{43D7B31D-3A86-4B1D-8F99-0ACE4CABC4A4}.Release|Any CPU.Build.0 = Release|Any CPU
		{3D92BBCF-671F-4AE2-96C4-720B6A81D60A}.Debug|Any CPU.ActiveCfg = Debug|Any CPU
		{3D92BBCF-671F-4AE2-96C4-720B6A81D60A}.Debug|Any CPU.Build.0 = Debug|Any CPU
		{3D92BBCF-671F-4AE2-96C4-720B6A81D60A}.Release|Any CPU.ActiveCfg = Release|Any CPU
		{3D92BBCF-671F-4AE2-96C4-720B6A81D60A}.Release|Any CPU.Build.0 = Release|Any CPU
		{274360DF-4182-4215-8320-B1452DD2DB86}.Debug|Any CPU.ActiveCfg = Debug|Any CPU
		{274360DF-4182-4215-8320-B1452DD2DB86}.Debug|Any CPU.Build.0 = Debug|Any CPU
		{274360DF-4182-4215-8320-B1452DD2DB86}.Release|Any CPU.ActiveCfg = Release|Any CPU
		{274360DF-4182-4215-8320-B1452DD2DB86}.Release|Any CPU.Build.0 = Release|Any CPU
		{1458CFC7-B0FF-4A36-8745-78E155269A35}.Debug|Any CPU.ActiveCfg = Debug|Any CPU
		{1458CFC7-B0FF-4A36-8745-78E155269A35}.Debug|Any CPU.Build.0 = Debug|Any CPU
		{1458CFC7-B0FF-4A36-8745-78E155269A35}.Release|Any CPU.ActiveCfg = Release|Any CPU
		{1458CFC7-B0FF-4A36-8745-78E155269A35}.Release|Any CPU.Build.0 = Release|Any CPU
		{2C196BE5-136E-4A86-BBF6-5FEB12ED3F0C}.Debug|Any CPU.ActiveCfg = Debug|Any CPU
		{2C196BE5-136E-4A86-BBF6-5FEB12ED3F0C}.Debug|Any CPU.Build.0 = Debug|Any CPU
		{2C196BE5-136E-4A86-BBF6-5FEB12ED3F0C}.Release|Any CPU.ActiveCfg = Release|Any CPU
		{2C196BE5-136E-4A86-BBF6-5FEB12ED3F0C}.Release|Any CPU.Build.0 = Release|Any CPU
		{13283A4C-385B-42B8-B2DF-0FB65930D9F4}.Debug|Any CPU.ActiveCfg = Debug|Any CPU
		{13283A4C-385B-42B8-B2DF-0FB65930D9F4}.Debug|Any CPU.Build.0 = Debug|Any CPU
		{13283A4C-385B-42B8-B2DF-0FB65930D9F4}.Release|Any CPU.ActiveCfg = Release|Any CPU
		{13283A4C-385B-42B8-B2DF-0FB65930D9F4}.Release|Any CPU.Build.0 = Release|Any CPU
	EndGlobalSection
	GlobalSection(SolutionProperties) = preSolution
		HideSolutionNode = FALSE
	EndGlobalSection
	GlobalSection(NestedProjects) = preSolution
		{43D7B31D-3A86-4B1D-8F99-0ACE4CABC4A4} = {91E68D56-22FF-4CE1-99AA-ACBB63FE72DB}
		{3D92BBCF-671F-4AE2-96C4-720B6A81D60A} = {91E68D56-22FF-4CE1-99AA-ACBB63FE72DB}
		{274360DF-4182-4215-8320-B1452DD2DB86} = {E1C0FDE7-57F6-413E-887F-ACB3BDC1CB44}
		{1458CFC7-B0FF-4A36-8745-78E155269A35} = {91E68D56-22FF-4CE1-99AA-ACBB63FE72DB}
		{2C196BE5-136E-4A86-BBF6-5FEB12ED3F0C} = {91E68D56-22FF-4CE1-99AA-ACBB63FE72DB}
		{13283A4C-385B-42B8-B2DF-0FB65930D9F4} = {91E68D56-22FF-4CE1-99AA-ACBB63FE72DB}
	EndGlobalSection
	GlobalSection(ExtensibilityGlobals) = postSolution
		SolutionGuid = {A5C111AC-62CC-4E0E-9E91-F5727A736690}
	EndGlobalSection
EndGlobal
